
Microsoft Visual Studio Solution File, Format Version 12.00
# Visual Studio 2012
Project("{FAE04EC0-301F-11D3-BF4B-00C04F79EFBC}") = "XamariniOSReadFile", "XamariniOSReadFile\XamariniOSReadFile.csproj", "{1E1E8014-CE07-4CA7-8622-0A6EB1226FE9}"
EndProject
Global
	GlobalSection(SolutionConfigurationPlatforms) = preSolution
		Debug|iPhoneSimulator = Debug|iPhoneSimulator
		Release|iPhone = Release|iPhone
		Release|iPhoneSimulator = Release|iPhoneSimulator
		Debug|iPhone = Debug|iPhone
	EndGlobalSection
	GlobalSection(ProjectConfigurationPlatforms) = postSolution
		{1E1E8014-CE07-4CA7-8622-0A6EB1226FE9}.Debug|iPhoneSimulator.ActiveCfg = Debug|iPhoneSimulator
		{1E1E8014-CE07-4CA7-8622-0A6EB1226FE9}.Debug|iPhoneSimulator.Build.0 = Debug|iPhoneSimulator
		{1E1E8014-CE07-4CA7-8622-0A6EB1226FE9}.Release|iPhone.ActiveCfg = Release|iPhone
		{1E1E8014-CE07-4CA7-8622-0A6EB1226FE9}.Release|iPhone.Build.0 = Release|iPhone
		{1E1E8014-CE07-4CA7-8622-0A6EB1226FE9}.Release|iPhoneSimulator.ActiveCfg = Release|iPhoneSimulator
		{1E1E8014-CE07-4CA7-8622-0A6EB1226FE9}.Release|iPhoneSimulator.Build.0 = Release|iPhoneSimulator
		{1E1E8014-CE07-4CA7-8622-0A6EB1226FE9}.Debug|iPhone.ActiveCfg = Debug|iPhone
		{1E1E8014-CE07-4CA7-8622-0A6EB1226FE9}.Debug|iPhone.Build.0 = Debug|iPhone
	EndGlobalSection
EndGlobal
